<Project xmlns="http://schemas.microsoft.com/developer/msbuild/2003">
    <PropertyGroup>
        <ProjectGuid>{FC6E4038-1FBA-4DD6-B4D4-2AD422565EEE}</ProjectGuid>
        <ProjectVersion>14.3</ProjectVersion>
        <FrameworkType>VCL</FrameworkType>
        <MainSource>OpenGL32.dpr</MainSource>
        <Base>True</Base>
        <Config Condition="'$(Config)'==''">Debug</Config>
        <Platform Condition="'$(Platform)'==''">Win32</Platform>
        <TargetedPlatforms>1</TargetedPlatforms>
        <AppType>Library</AppType>
    </PropertyGroup>
    <PropertyGroup Condition="'$(Config)'=='Base' or '$(Base)'!=''">
        <Base>true</Base>
    </PropertyGroup>
    <PropertyGroup Condition="('$(Platform)'=='Win32' and '$(Base)'=='true') or '$(Base_Win32)'!=''">
        <Base_Win32>true</Base_Win32>
        <CfgParent>Base</CfgParent>
        <Base>true</Base>
    </PropertyGroup>
    <PropertyGroup Condition="'$(Config)'=='Debug' or '$(Cfg_1)'!=''">
        <Cfg_1>true</Cfg_1>
        <CfgParent>Base</CfgParent>
        <Base>true</Base>
    </PropertyGroup>
    <PropertyGroup Condition="('$(Platform)'=='Win32' and '$(Cfg_1)'=='true') or '$(Cfg_1_Win32)'!=''">
        <Cfg_1_Win32>true</Cfg_1_Win32>
        <CfgParent>Cfg_1</CfgParent>
        <Cfg_1>true</Cfg_1>
        <Base>true</Base>
    </PropertyGroup>
    <PropertyGroup Condition="'$(Config)'=='Release' or '$(Cfg_2)'!=''">
        <Cfg_2>true</Cfg_2>
        <CfgParent>Base</CfgParent>
        <Base>true</Base>
    </PropertyGroup>
    <PropertyGroup Condition="'$(Base)'!=''">
        <Manifest_File>None</Manifest_File>
        <DCC_Namespace>System;Xml;Data;Datasnap;Web;Soap;Vcl;Vcl.Imaging;Vcl.Touch;Vcl.Samples;Vcl.Shell;$(DCC_Namespace)</DCC_Namespace>
        <VerInfo_Locale>1049</VerInfo_Locale>
        <GenDll>true</GenDll>
        <VerInfo_Keys>CompanyName=;FileDescription=;FileVersion=1.0.0.0;InternalName=;LegalCopyright=;LegalTrademarks=;OriginalFilename=;ProductName=;ProductVersion=1.0.0.0;Comments=</VerInfo_Keys>
        <DCC_DcuOutput>.\$(Platform)\$(Config)</DCC_DcuOutput>
        <DCC_ExeOutput>.\$(Platform)\$(Config)</DCC_ExeOutput>
    </PropertyGroup>
    <PropertyGroup Condition="'$(Base_Win32)'!=''">
        <DCC_DcuOutput>..\dcu</DCC_DcuOutput>
        <DCC_ExeOutput>..\bin</DCC_ExeOutput>
        <VerInfo_IncludeVerInfo>true</VerInfo_IncludeVerInfo>
        <DCC_UsePackage>vclimg;VclSmp;rtl;GLScene_RunTime;vcl;vcltouch;vclx;$(DCC_UsePackage)</DCC_UsePackage>
        <VerInfo_Locale>1033</VerInfo_Locale>
        <DCC_Namespace>Winapi;System.Win;Data.Win;Datasnap.Win;Web.Win;Soap.Win;Xml.Win;Bde;$(DCC_Namespace)</DCC_Namespace>
    </PropertyGroup>
    <PropertyGroup Condition="'$(Cfg_1)'!=''">
        <DCC_Define>DEBUG;$(DCC_Define)</DCC_Define>
        <DCC_DebugDCUs>true</DCC_DebugDCUs>
        <DCC_Optimize>false</DCC_Optimize>
        <DCC_GenerateStackFrames>true</DCC_GenerateStackFrames>
        <DCC_DebugInfoInExe>true</DCC_DebugInfoInExe>
        <DCC_RemoteDebug>true</DCC_RemoteDebug>
    </PropertyGroup>
    <PropertyGroup Condition="'$(Cfg_1_Win32)'!=''">
        <DCC_Optimize>true</DCC_Optimize>
        <DCC_DebugInfoInExe>false</DCC_DebugInfoInExe>
        <VerInfo_IncludeVerInfo>true</VerInfo_IncludeVerInfo>
        <VerInfo_Locale>1033</VerInfo_Locale>
        <Debugger_HostApplication>..\bin\squares.exe</Debugger_HostApplication>
        <UsePackages>true</UsePackages>
        <DCC_RemoteDebug>false</DCC_RemoteDebug>
    </PropertyGroup>
    <PropertyGroup Condition="'$(Cfg_2)'!=''">
        <DCC_LocalDebugSymbols>false</DCC_LocalDebugSymbols>
        <DCC_Define>RELEASE;$(DCC_Define)</DCC_Define>
        <DCC_SymbolReferenceInfo>0</DCC_SymbolReferenceInfo>
        <DCC_DebugInformation>false</DCC_DebugInformation>
    </PropertyGroup>
    <ItemGroup>
        <DelphiCompile Include="$(MainSource)">
            <MainSource>MainSource</MainSource>
        </DelphiCompile>
        <DCCReference Include="gl.pas"/>
        <DCCReference Include="wgl.pas"/>
        <DCCReference Include="soft3d.pas"/>
        <DCCReference Include="Utils.pas"/>
        <DCCReference Include="Vector3DHelper.pas"/>
        <DCCReference Include="Parallel.pas"/>
        <BuildConfiguration Include="Release">
            <Key>Cfg_2</Key>
            <CfgParent>Base</CfgParent>
        </BuildConfiguration>
        <BuildConfiguration Include="Base">
            <Key>Base</Key>
        </BuildConfiguration>
        <BuildConfiguration Include="Debug">
            <Key>Cfg_1</Key>
            <CfgParent>Base</CfgParent>
        </BuildConfiguration>
    </ItemGroup>
    <ProjectExtensions>
        <Borland.Personality>Delphi.Personality.12</Borland.Personality>
        <Borland.ProjectType/>
        <BorlandProject>
            <Delphi.Personality>
                <VersionInfo>
                    <VersionInfo Name="IncludeVerInfo">False</VersionInfo>
                    <VersionInfo Name="AutoIncBuild">False</VersionInfo>
                    <VersionInfo Name="MajorVer">1</VersionInfo>
                    <VersionInfo Name="MinorVer">0</VersionInfo>
                    <VersionInfo Name="Release">0</VersionInfo>
                    <VersionInfo Name="Build">0</VersionInfo>
                    <VersionInfo Name="Debug">False</VersionInfo>
                    <VersionInfo Name="PreRelease">False</VersionInfo>
                    <VersionInfo Name="Special">False</VersionInfo>
                    <VersionInfo Name="Private">False</VersionInfo>
                    <VersionInfo Name="DLL">False</VersionInfo>
                    <VersionInfo Name="Locale">1049</VersionInfo>
                    <VersionInfo Name="CodePage">1251</VersionInfo>
                </VersionInfo>
                <VersionInfoKeys>
                    <VersionInfoKeys Name="CompanyName"/>
                    <VersionInfoKeys Name="FileDescription"/>
                    <VersionInfoKeys Name="FileVersion">1.0.0.0</VersionInfoKeys>
                    <VersionInfoKeys Name="InternalName"/>
                    <VersionInfoKeys Name="LegalCopyright"/>
                    <VersionInfoKeys Name="LegalTrademarks"/>
                    <VersionInfoKeys Name="OriginalFilename"/>
                    <VersionInfoKeys Name="ProductName"/>
                    <VersionInfoKeys Name="ProductVersion">1.0.0.0</VersionInfoKeys>
                    <VersionInfoKeys Name="Comments"/>
                    <VersionInfoKeys Name="CFBundleName"/>
                    <VersionInfoKeys Name="CFBundleDisplayName"/>
                    <VersionInfoKeys Name="CFBundleIdentifier"/>
                    <VersionInfoKeys Name="CFBundleVersion"/>
                    <VersionInfoKeys Name="CFBundlePackageType"/>
                    <VersionInfoKeys Name="CFBundleSignature"/>
                    <VersionInfoKeys Name="CFBundleAllowMixedLocalizations"/>
                    <VersionInfoKeys Name="CFBundleExecutable"/>
                </VersionInfoKeys>
                <Excluded_Packages>
                    <Excluded_Packages Name="$(BDSBIN)\dcldb170.bpl">Embarcadero Database Components</Excluded_Packages>
                    <Excluded_Packages Name="$(BDSBIN)\dclbindcomp170.bpl">Embarcadero LiveBindings Components</Excluded_Packages>
                    <Excluded_Packages Name="$(BDSBIN)\ExpertsUI170.bpl">Embarcadero Experts UI Components</Excluded_Packages>
                    <Excluded_Packages Name="$(BDSBIN)\dclmid170.bpl">Embarcadero MyBase DataAccess Components</Excluded_Packages>
                    <Excluded_Packages Name="$(BDSBIN)\dcldbx170.bpl">Embarcadero dbExpress Components</Excluded_Packages>
                    <Excluded_Packages Name="$(BDSBIN)\ExpertsCreators170.bpl">Embarcadero Experts Creators Components</Excluded_Packages>
                    <Excluded_Packages Name="$(BDSBIN)\dclDataSnapCommon170.bpl">Embarcadero DBExpress DataSnap Common Design package</Excluded_Packages>
                    <Excluded_Packages Name="$(BDSBIN)\dclnet170.bpl">Embarcadero Internet Components</Excluded_Packages>
                    <Excluded_Packages Name="$(BDSBIN)\dclIndyCore170.bpl">Indy 10 Core Design Time</Excluded_Packages>
                    <Excluded_Packages Name="$(BDSBIN)\dclwbm170.bpl">Embarcadero InternetExpress Components</Excluded_Packages>
                    <Excluded_Packages Name="$(BDSBIN)\dclDataSnapServer170.bpl">Embarcadero DBExpress DataSnap Server Components</Excluded_Packages>
                    <Excluded_Packages Name="$(BDSBIN)\DataExplorerService170.bpl">Data Explorer Reusable Services</Excluded_Packages>
                    <Excluded_Packages Name="$(BDSBIN)\applet170.bpl">Embarcadero Control Panel Applet Package</Excluded_Packages>
                    <Excluded_Packages Name="$(BDSBIN)\dcl31w170.bpl">Delphi 1.0 Compatibility Components</Excluded_Packages>
                    <Excluded_Packages Name="$(BDSBIN)\dclact170.bpl">Embarcadero ActionBar Components</Excluded_Packages>
                    <Excluded_Packages Name="$(BDSBIN)\dclado170.bpl">Embarcadero ADO DB Components</Excluded_Packages>
                    <Excluded_Packages Name="$(BDSBIN)\dclbde170.bpl">Embarcadero BDE DB Components</Excluded_Packages>
                    <Excluded_Packages Name="$(BDSBIN)\dclbindcompdbx170.bpl">LiveBindings Expression Components DbExpress</Excluded_Packages>
                    <Excluded_Packages Name="$(BDSBIN)\dclbindcompfmx170.bpl">Embarcadero LiveBindings Components FireMonkey</Excluded_Packages>
                    <Excluded_Packages Name="$(BDSBIN)\dclbindcompvcl170.bpl">Embarcadero LiveBindings Components VCL</Excluded_Packages>
                    <Excluded_Packages Name="$(BDSBIN)\dclCloudService170.bpl">Embarcadero Cloud management components</Excluded_Packages>
                    <Excluded_Packages Name="$(BDSBIN)\dclDataSnapClient170.bpl">Embarcadero DBExpress DataSnap Client Components</Excluded_Packages>
                    <Excluded_Packages Name="$(BDSBIN)\dclDataSnapConnectors170.bpl">Embarcadero DataSnap Connector Components</Excluded_Packages>
                    <Excluded_Packages Name="$(BDSBIN)\dclDataSnapIndy10ServerTransport170.bpl">Embarcadero DBExpress DataSnap Server Transport Components</Excluded_Packages>
                    <Excluded_Packages Name="$(BDSBIN)\dclDataSnapProviderClient170.bpl">Embarcadero DBExpress DataSnap Provider Client Components</Excluded_Packages>
                    <Excluded_Packages Name="$(BDSBIN)\dcldbxcds170.bpl">Embarcadero SimpleDataset Component (DBX)</Excluded_Packages>
                    <Excluded_Packages Name="$(BDSBIN)\dclemacsedit170.bpl">Embarcadero Editor Emacs Enhancements</Excluded_Packages>
                    <Excluded_Packages Name="$(BDSBIN)\dclib170.bpl">Embarcadero InterBase Express Components</Excluded_Packages>
                    <Excluded_Packages Name="$(BDSBIN)\dclie170.bpl">Internet Explorer Components</Excluded_Packages>
                    <Excluded_Packages Name="$(BDSBIN)\dclIndyProtocols170.bpl">Indy 10 Protocols Design Time</Excluded_Packages>
                    <Excluded_Packages Name="$(BDSBIN)\dclIntraweb_140_170.bpl">IntraWeb 14.0 Design Package for RAD Studio XE3</Excluded_Packages>
                    <Excluded_Packages Name="$(BDSBIN)\dclIPIndyImpl170.bpl">IP Abstraction Indy Implementation Design Time</Excluded_Packages>
                    <Excluded_Packages Name="$(BDSBIN)\dclmcn170.bpl">Embarcadero DataSnap Connection Components</Excluded_Packages>
                    <Excluded_Packages Name="$(BDSBIN)\dclMetropolisUILiveTile170.bpl">Embarcadero Metropolis UI Live Tile Standard Components</Excluded_Packages>
                    <Excluded_Packages Name="$(BDSBIN)\dclmlwiz170.bpl">Embarcadero Markup Language Wizards</Excluded_Packages>
                    <Excluded_Packages Name="$(BDSBIN)\dclribbon170.bpl">Embarcadero Ribbon Controls</Excluded_Packages>
                    <Excluded_Packages Name="$(BDSBIN)\dclsmp170.bpl">Embarcadero Sample Components</Excluded_Packages>
                    <Excluded_Packages Name="$(BDSBIN)\dclsmpedit170.bpl">Embarcadero Editor Script Enhancements</Excluded_Packages>
                    <Excluded_Packages Name="$(BDSBIN)\dclsoap170.bpl">Embarcadero SOAP Components</Excluded_Packages>
                    <Excluded_Packages Name="$(BDSBIN)\dcltee9170.bpl">TeeChart Standard VCL Components</Excluded_Packages>
                    <Excluded_Packages Name="$(BDSBIN)\dclwebsnap170.bpl">Embarcadero WebSnap Components</Excluded_Packages>
                    <Excluded_Packages Name="$(BDSBIN)\samplevisualizers170.bpl">Embarcadero Sample Debugger Visualizers</Excluded_Packages>
                    <Excluded_Packages Name="$(BDSBIN)\svnide170.bpl">Embarcadero Subversion Integration</Excluded_Packages>
                    <Excluded_Packages Name="$(BDSBIN)\DataExplorerDBXPlugin170.bpl">DBExpress Data Explorer Integration</Excluded_Packages>
                    <Excluded_Packages Name="$(BDSBIN)\DataExplorerDBXPluginInt170.bpl">DBExpress InterBase Data Explorer Integration</Excluded_Packages>
                    <Excluded_Packages Name="$(BDSBIN)\DataExplorerDBXPluginEnt170.bpl">DBExpress Enterprise Data Explorer Integration</Excluded_Packages>
                    <Excluded_Packages Name="$(BDSBIN)\dclDBXDrivers170.bpl">Embarcadero Driver Components</Excluded_Packages>
                    <Excluded_Packages Name="$(BDSBIN)\dclDBXDriversEnt170.bpl">Embarcadero Enterprise Driver Components</Excluded_Packages>
                    <Excluded_Packages Name="$(BDSBIN)\dclDBXDriversInt170.bpl">Embarcadero Intro Driver Components</Excluded_Packages>
                    <Excluded_Packages Name="$(BDSBIN)\dcloffice2k170.bpl">Microsoft Office 2000 Sample Automation Server Wrapper Components</Excluded_Packages>
                    <Excluded_Packages Name="$(BDSBIN)\dclofficexp170.bpl">Microsoft Office XP Sample Automation Server Wrapper Components</Excluded_Packages>
                </Excluded_Packages>
                <Source>
                    <Source Name="MainSource">OpenGL32.dpr</Source>
                </Source>
            </Delphi.Personality>
            <Deployment/>
            <Platforms>
                <Platform value="Win32">True</Platform>
            </Platforms>
        </BorlandProject>
        <ProjectFileVersion>12</ProjectFileVersion>
    </ProjectExtensions>
    <Import Project="$(BDS)\Bin\CodeGear.Delphi.Targets" Condition="Exists('$(BDS)\Bin\CodeGear.Delphi.Targets')"/>
    <Import Project="$(APPDATA)\Embarcadero\$(BDSAPPDATABASEDIR)\$(PRODUCTVERSION)\UserTools.proj" Condition="Exists('$(APPDATA)\Embarcadero\$(BDSAPPDATABASEDIR)\$(PRODUCTVERSION)\UserTools.proj')"/>
</Project>
